
Microsoft Visual Studio Solution File, Format Version 12.00
# Visual Studio Version 17
VisualStudioVersion = 17.8.34525.116
MinimumVisualStudioVersion = 10.0.40219.1
Project("{2150E333-8FDC-42A3-9474-1A3956D46DE8}") = "Services", "Services", "{B34CA477-2AF4-47B7-9DCF-FDF371855BAE}"
EndProject
Project("{2150E333-8FDC-42A3-9474-1A3956D46DE8}") = "Catalog", "Catalog", "{CEA8C311-C7F9-41C3-96C4-88872F313F8F}"
EndProject
Project("{9A19103F-16F7-4668-BE54-9A1E7A4F7556}") = "Catalog", "Services\Catalog\Catalog.API\Catalog.csproj", "{A9C52420-830D-4F99-8CB2-E0282DB12A31}"
EndProject
Project("{2150E333-8FDC-42A3-9474-1A3956D46DE8}") = "Basket", "Basket", "{C858E460-A8F9-4045-957A-5DA5183BA1C6}"
EndProject
Project("{9A19103F-16F7-4668-BE54-9A1E7A4F7556}") = "Basket.API", "Services\Basket\Basket.API\Basket.API.csproj", "{021928CF-C816-4797-A97A-4C9368E1C551}"
EndProject
Project("{2150E333-8FDC-42A3-9474-1A3956D46DE8}") = "Discount", "Discount", "{C23FA465-82EB-462D-8E37-3116598AB5C1}"
EndProject
Project("{9A19103F-16F7-4668-BE54-9A1E7A4F7556}") = "Discount.Grpc", "Services\Discount\Discount.Grpc\Discount.Grpc.csproj", "{29558E69-3766-4DC9-BDED-2F0666287384}"
EndProject
Project("{2150E333-8FDC-42A3-9474-1A3956D46DE8}") = "Building-Blocks", "Building-Blocks", "{6A5F28D2-8664-4586-8822-7119AE008DE3}"
EndProject
Project("{9A19103F-16F7-4668-BE54-9A1E7A4F7556}") = "Building-blocks", "Services\Building-Blocks\Building-blocks\Building-blocks.csproj", "{C71B0917-A6EF-47CE-BFD0-1572ADD026D0}"
EndProject
Project("{2150E333-8FDC-42A3-9474-1A3956D46DE8}") = "Customers", "Customers", "{5A65D788-E5B1-4084-8685-4E9D104028A7}"
EndProject
Project("{FAE04EC0-301F-11D3-BF4B-00C04F79EFBC}") = "Customer.API", "Services\Customers\Customer.API\Customer.API.csproj", "{CC5CD172-E9F9-4AEB-BFDA-155EF1561FFA}"
EndProject
Global
	GlobalSection(SolutionConfigurationPlatforms) = preSolution
		Debug|Any CPU = Debug|Any CPU
		Release|Any CPU = Release|Any CPU
	EndGlobalSection
	GlobalSection(ProjectConfigurationPlatforms) = postSolution
		{A9C52420-830D-4F99-8CB2-E0282DB12A31}.Debug|Any CPU.ActiveCfg = Debug|Any CPU
		{A9C52420-830D-4F99-8CB2-E0282DB12A31}.Debug|Any CPU.Build.0 = Debug|Any CPU
		{A9C52420-830D-4F99-8CB2-E0282DB12A31}.Release|Any CPU.ActiveCfg = Release|Any CPU
		{A9C52420-830D-4F99-8CB2-E0282DB12A31}.Release|Any CPU.Build.0 = Release|Any CPU
		{021928CF-C816-4797-A97A-4C9368E1C551}.Debug|Any CPU.ActiveCfg = Debug|Any CPU
		{021928CF-C816-4797-A97A-4C9368E1C551}.Debug|Any CPU.Build.0 = Debug|Any CPU
		{021928CF-C816-4797-A97A-4C9368E1C551}.Release|Any CPU.ActiveCfg = Release|Any CPU
		{021928CF-C816-4797-A97A-4C9368E1C551}.Release|Any CPU.Build.0 = Release|Any CPU
		{29558E69-3766-4DC9-BDED-2F0666287384}.Debug|Any CPU.ActiveCfg = Debug|Any CPU
		{29558E69-3766-4DC9-BDED-2F0666287384}.Debug|Any CPU.Build.0 = Debug|Any CPU
		{29558E69-3766-4DC9-BDED-2F0666287384}.Release|Any CPU.ActiveCfg = Release|Any CPU
		{29558E69-3766-4DC9-BDED-2F0666287384}.Release|Any CPU.Build.0 = Release|Any CPU
		{C71B0917-A6EF-47CE-BFD0-1572ADD026D0}.Debug|Any CPU.ActiveCfg = Debug|Any CPU
		{C71B0917-A6EF-47CE-BFD0-1572ADD026D0}.Debug|Any CPU.Build.0 = Debug|Any CPU
		{C71B0917-A6EF-47CE-BFD0-1572ADD026D0}.Release|Any CPU.ActiveCfg = Release|Any CPU
		{C71B0917-A6EF-47CE-BFD0-1572ADD026D0}.Release|Any CPU.Build.0 = Release|Any CPU
		{CC5CD172-E9F9-4AEB-BFDA-155EF1561FFA}.Debug|Any CPU.ActiveCfg = Debug|Any CPU
		{CC5CD172-E9F9-4AEB-BFDA-155EF1561FFA}.Debug|Any CPU.Build.0 = Debug|Any CPU
		{CC5CD172-E9F9-4AEB-BFDA-155EF1561FFA}.Release|Any CPU.ActiveCfg = Release|Any CPU
		{CC5CD172-E9F9-4AEB-BFDA-155EF1561FFA}.Release|Any CPU.Build.0 = Release|Any CPU
	EndGlobalSection
	GlobalSection(SolutionProperties) = preSolution
		HideSolutionNode = FALSE
	EndGlobalSection
	GlobalSection(NestedProjects) = preSolution
		{CEA8C311-C7F9-41C3-96C4-88872F313F8F} = {B34CA477-2AF4-47B7-9DCF-FDF371855BAE}
		{A9C52420-830D-4F99-8CB2-E0282DB12A31} = {CEA8C311-C7F9-41C3-96C4-88872F313F8F}
		{C858E460-A8F9-4045-957A-5DA5183BA1C6} = {B34CA477-2AF4-47B7-9DCF-FDF371855BAE}
		{021928CF-C816-4797-A97A-4C9368E1C551} = {C858E460-A8F9-4045-957A-5DA5183BA1C6}
		{C23FA465-82EB-462D-8E37-3116598AB5C1} = {B34CA477-2AF4-47B7-9DCF-FDF371855BAE}
		{29558E69-3766-4DC9-BDED-2F0666287384} = {C23FA465-82EB-462D-8E37-3116598AB5C1}
		{C71B0917-A6EF-47CE-BFD0-1572ADD026D0} = {6A5F28D2-8664-4586-8822-7119AE008DE3}
		{5A65D788-E5B1-4084-8685-4E9D104028A7} = {B34CA477-2AF4-47B7-9DCF-FDF371855BAE}
		{CC5CD172-E9F9-4AEB-BFDA-155EF1561FFA} = {5A65D788-E5B1-4084-8685-4E9D104028A7}
	EndGlobalSection
	GlobalSection(ExtensibilityGlobals) = postSolution
		SolutionGuid = {29BFB5FC-2B5A-4623-B17B-00D35AB5E61D}
	EndGlobalSection
EndGlobal
